
Microsoft Visual Studio Solution File, Format Version 12.00
# Visual Studio Version 17
VisualStudioVersion = 17.5.33502.453
MinimumVisualStudioVersion = 10.0.40219.1
Project("{FAE04EC0-301F-11D3-BF4B-00C04F79EFBC}") = "homework", "homework\homework.csproj", "{5F73E043-9B9E-49A7-A83A-2FCD0873599F}"
EndProject
Global
	GlobalSection(SolutionConfigurationPlatforms) = preSolution
		Debug|Any CPU = Debug|Any CPU
		Release|Any CPU = Release|Any CPU
	EndGlobalSection
	GlobalSection(ProjectConfigurationPlatforms) = postSolution
		{5F73E043-9B9E-49A7-A83A-2FCD0873599F}.Debug|Any CPU.ActiveCfg = Debug|Any CPU
		{5F73E043-9B9E-49A7-A83A-2FCD0873599F}.Debug|Any CPU.Build.0 = Debug|Any CPU
		{5F73E043-9B9E-49A7-A83A-2FCD0873599F}.Release|Any CPU.ActiveCfg = Release|Any CPU
		{5F73E043-9B9E-49A7-A83A-2FCD0873599F}.Release|Any CPU.Build.0 = Release|Any CPU
	EndGlobalSection
	GlobalSection(SolutionProperties) = preSolution
		HideSolutionNode = FALSE
	EndGlobalSection
	GlobalSection(ExtensibilityGlobals) = postSolution
		SolutionGuid = {0EE0F122-939C-4D00-B26B-CD0561E645B2}
	EndGlobalSection
EndGlobal
